// !$*UTF8*$!
{
	archiveVersion = 1;
	classes = {
	};
	objectVersion = 52;
	objects = {

/* Begin PBXBuildFile section */
		AEBF166626D553F5003FF645 /* TCANavigationPushPopApp.swift in Sources */ = {isa = PBXBuildFile; fileRef = AEBF166526D553F5003FF645 /* TCANavigationPushPopApp.swift */; };
		AEBF166826D553F5003FF645 /* ContentView.swift in Sources */ = {isa = PBXBuildFile; fileRef = AEBF166726D553F5003FF645 /* ContentView.swift */; };
		AEBF166A26D553F8003FF645 /* Assets.xcassets in Resources */ = {isa = PBXBuildFile; fileRef = AEBF166926D553F8003FF645 /* Assets.xcassets */; };
		AEBF166D26D553F8003FF645 /* Preview Assets.xcassets in Resources */ = {isa = PBXBuildFile; fileRef = AEBF166C26D553F8003FF645 /* Preview Assets.xcassets */; };
		AEBF167526D55419003FF645 /* ChildView.swift in Sources */ = {isa = PBXBuildFile; fileRef = AEBF167426D55419003FF645 /* ChildView.swift */; };
		AEBF167826D554D2003FF645 /* ComposableArchitecture in Frameworks */ = {isa = PBXBuildFile; productRef = AEBF167726D554D2003FF645 /* ComposableArchitecture */; };
/* End PBXBuildFile section */

/* Begin PBXFileReference section */
		AEBF166226D553F5003FF645 /* TCANavigationPushPop.app */ = {isa = PBXFileReference; explicitFileType = wrapper.application; includeInIndex = 0; path = TCANavigationPushPop.app; sourceTree = BUILT_PRODUCTS_DIR; };
		AEBF166526D553F5003FF645 /* TCANavigationPushPopApp.swift */ = {isa = PBXFileReference; lastKnownFileType = sourcecode.swift; path = TCANavigationPushPopApp.swift; sourceTree = "<group>"; };
		AEBF166726D553F5003FF645 /* ContentView.swift */ = {isa = PBXFileReference; lastKnownFileType = sourcecode.swift; path = ContentView.swift; sourceTree = "<group>"; };
		AEBF166926D553F8003FF645 /* Assets.xcassets */ = {isa = PBXFileReference; lastKnownFileType = folder.assetcatalog; path = Assets.xcassets; sourceTree = "<group>"; };
		AEBF166C26D553F8003FF645 /* Preview Assets.xcassets */ = {isa = PBXFileReference; lastKnownFileType = folder.assetcatalog; path = "Preview Assets.xcassets"; sourceTree = "<group>"; };
		AEBF166E26D553F8003FF645 /* Info.plist */ = {isa = PBXFileReference; lastKnownFileType = text.plist.xml; path = Info.plist; sourceTree = "<group>"; };
		AEBF167426D55419003FF645 /* ChildView.swift */ = {isa = PBXFileReference; lastKnownFileType = sourcecode.swift; path = ChildView.swift; sourceTree = "<group>"; };
/* End PBXFileReference section */

/* Begin PBXFrameworksBuildPhase section */
		AEBF165F26D553F5003FF645 /* Frameworks */ = {
			isa = PBXFrameworksBuildPhase;
			buildActionMask = 2147483647;
			files = (
				AEBF167826D554D2003FF645 /* ComposableArchitecture in Frameworks */,
			);
			runOnlyForDeploymentPostprocessing = 0;
		};
/* End PBXFrameworksBuildPhase section */

/* Begin PBXGroup section */
		AEBF165926D553F5003FF645 = {
			isa = PBXGroup;
			children = (
				AEBF166426D553F5003FF645 /* TCANavigationPushPop */,
				AEBF166326D553F5003FF645 /* Products */,
			);
			sourceTree = "<group>";
		};
		AEBF166326D553F5003FF645 /* Products */ = {
			isa = PBXGroup;
			children = (
				AEBF166226D553F5003FF645 /* TCANavigationPushPop.app */,
			);
			name = Products;
			sourceTree = "<group>";
		};
		AEBF166426D553F5003FF645 /* TCANavigationPushPop */ = {
			isa = PBXGroup;
			children = (
				AEBF166526D553F5003FF645 /* TCANavigationPushPopApp.swift */,
				AEBF166726D553F5003FF645 /* ContentView.swift */,
				AEBF167426D55419003FF645 /* ChildView.swift */,
				AEBF166926D553F8003FF645 /* Assets.xcassets */,
				AEBF166E26D553F8003FF645 /* Info.plist */,
				AEBF166B26D553F8003FF645 /* Preview Content */,
			);
			path = TCANavigationPushPop;
			sourceTree = "<group>";
		};
		AEBF166B26D553F8003FF645 /* Preview Content */ = {
			isa = PBXGroup;
			children = (
				AEBF166C26D553F8003FF645 /* Preview Assets.xcassets */,
			);
			path = "Preview Content";
			sourceTree = "<group>";
		};
/* End PBXGroup section */

/* Begin PBXNativeTarget section */
		AEBF166126D553F5003FF645 /* TCANavigationPushPop */ = {
			isa = PBXNativeTarget;
			buildConfigurationList = AEBF167126D553F8003FF645 /* Build configuration list for PBXNativeTarget "TCANavigationPushPop" */;
			buildPhases = (
				AEBF165E26D553F5003FF645 /* Sources */,
				AEBF165F26D553F5003FF645 /* Frameworks */,
				AEBF166026D553F5003FF645 /* Resources */,
			);
			buildRules = (
			);
			dependencies = (
			);
			name = TCANavigationPushPop;
			packageProductDependencies = (
				AEBF167726D554D2003FF645 /* ComposableArchitecture */,
			);
			productName = TCANavigationPushPop;
			productReference = AEBF166226D553F5003FF645 /* TCANavigationPushPop.app */;
			productType = "com.apple.product-type.application";
		};
/* End PBXNativeTarget section */

/* Begin PBXProject section */
		AEBF165A26D553F5003FF645 /* Project object */ = {
			isa = PBXProject;
			attributes = {
				LastSwiftUpdateCheck = 1250;
				LastUpgradeCheck = 1250;
				TargetAttributes = {
					AEBF166126D553F5003FF645 = {
						CreatedOnToolsVersion = 12.5.1;
					};
				};
			};
			buildConfigurationList = AEBF165D26D553F5003FF645 /* Build configuration list for PBXProject "TCANavigationPushPop" */;
			compatibilityVersion = "Xcode 9.3";
			developmentRegion = en;
			hasScannedForEncodings = 0;
			knownRegions = (
				en,
				Base,
			);
			mainGroup = AEBF165926D553F5003FF645;
			packageReferences = (
				AEBF167626D554D2003FF645 /* XCRemoteSwiftPackageReference "swift-composable-architecture" */,
			);
			productRefGroup = AEBF166326D553F5003FF645 /* Products */;
			projectDirPath = "";
			projectRoot = "";
			targets = (
				AEBF166126D553F5003FF645 /* TCANavigationPushPop */,
			);
		};
/* End PBXProject section */

/* Begin PBXResourcesBuildPhase section */
		AEBF166026D553F5003FF645 /* Resources */ = {
			isa = PBXResourcesBuildPhase;
			buildActionMask = 2147483647;
			files = (
				AEBF166D26D553F8003FF645 /* Preview Assets.xcassets in Resources */,
				AEBF166A26D553F8003FF645 /* Assets.xcassets in Resources */,
			);
			runOnlyForDeploymentPostprocessing = 0;
		};
/* End PBXResourcesBuildPhase section */

/* Begin PBXSourcesBuildPhase section */
		AEBF165E26D553F5003FF645 /* Sources */ = {
			isa = PBXSourcesBuildPhase;
			buildActionMask = 2147483647;
			files = (
				AEBF166826D553F5003FF645 /* ContentView.swift in Sources */,
				AEBF167526D55419003FF645 /* ChildView.swift in Sources */,
				AEBF166626D553F5003FF645 /* TCANavigationPushPopApp.swift in Sources */,
			);
			runOnlyForDeploymentPostprocessing = 0;
		};
/* End PBXSourcesBuildPhase section */

/* Begin XCBuildConfiguration section */
		AEBF166F26D553F8003FF645 /* Debug */ = {
			isa = XCBuildConfiguration;
			buildSettings = {
				ALWAYS_SEARCH_USER_PATHS = NO;
				CLANG_ANALYZER_NONNULL = YES;
				CLANG_ANALYZER_NUMBER_OBJECT_CONVERSION = YES_AGGRESSIVE;
				CLANG_CXX_LANGUAGE_STANDARD = "gnu++14";
				CLANG_CXX_LIBRARY = "libc++";
				CLANG_ENABLE_MODULES = YES;
				CLANG_ENABLE_OBJC_ARC = YES;
				CLANG_ENABLE_OBJC_WEAK = YES;
				CLANG_WARN_BLOCK_CAPTURE_AUTORELEASING = YES;
				CLANG_WARN_BOOL_CONVERSION = YES;
				CLANG_WARN_COMMA = YES;
				CLANG_WARN_CONSTANT_CONVERSION = YES;
				CLANG_WARN_DEPRECATED_OBJC_IMPLEMENTATIONS = YES;
				CLANG_WARN_DIRECT_OBJC_ISA_USAGE = YES_ERROR;
				CLANG_WARN_DOCUMENTATION_COMMENTS = YES;
				CLANG_WARN_EMPTY_BODY = YES;
				CLANG_WARN_ENUM_CONVERSION = YES;
				CLANG_WARN_INFINITE_RECURSION = YES;
				CLANG_WARN_INT_CONVERSION = YES;
				CLANG_WARN_NON_LITERAL_NULL_CONVERSION = YES;
				CLANG_WARN_OBJC_IMPLICIT_RETAIN_SELF = YES;
				CLANG_WARN_OBJC_LITERAL_CONVERSION = YES;
				CLANG_WARN_OBJC_ROOT_CLASS = YES_ERROR;
				CLANG_WARN_QUOTED_INCLUDE_IN_FRAMEWORK_HEADER = YES;
				CLANG_WARN_RANGE_LOOP_ANALYSIS = YES;
				CLANG_WARN_STRICT_PROTOTYPES = YES;
				CLANG_WARN_SUSPICIOUS_MOVE = YES;
				CLANG_WARN_UNGUARDED_AVAILABILITY = YES_AGGRESSIVE;
				CLANG_WARN_UNREACHABLE_CODE = YES;
				CLANG_WARN__DUPLICATE_METHOD_MATCH = YES;
				COPY_PHASE_STRIP = NO;
				DEBUG_INFORMATION_FORMAT = dwarf;
				ENABLE_STRICT_OBJC_MSGSEND = YES;
				ENABLE_TESTABILITY = YES;
				GCC_C_LANGUAGE_STANDARD = gnu11;
				GCC_DYNAMIC_NO_PIC = NO;
				GCC_NO_COMMON_BLOCKS = YES;
				GCC_OPTIMIZATION_LEVEL = 0;
				GCC_PREPROCESSOR_DEFINITIONS = (
					"DEBUG=1",
					"$(inherited)",
				);
				GCC_WARN_64_TO_32_BIT_CONVERSION = YES;
				GCC_WARN_ABOUT_RETURN_TYPE = YES_ERROR;
				GCC_WARN_UNDECLARED_SELECTOR = YES;
				GCC_WARN_UNINITIALIZED_AUTOS = YES_AGGRESSIVE;
				GCC_WARN_UNUSED_FUNCTION = YES;
				GCC_WARN_UNUSED_VARIABLE = YES;
				IPHONEOS_DEPLOYMENT_TARGET = 14.5;
				MTL_ENABLE_DEBUG_INFO = INCLUDE_SOURCE;
				MTL_FAST_MATH = YES;
				ONLY_ACTIVE_ARCH = YES;
				SDKROOT = iphoneos;
				SWIFT_ACTIVE_COMPILATION_CONDITIONS = DEBUG;
				SWIFT_OPTIMIZATION_LEVEL = "-Onone";
			};
			name = Debug;
		};
		AEBF167026D553F8003FF645 /* Release */ = {
			isa = XCBuildConfiguration;
			buildSettings = {
				ALWAYS_SEARCH_USER_PATHS = NO;
				CLANG_ANALYZER_NONNULL = YES;
				CLANG_ANALYZER_NUMBER_OBJECT_CONVERSION = YES_AGGRESSIVE;
				CLANG_CXX_LANGUAGE_STANDARD = "gnu++14";
				CLANG_CXX_LIBRARY = "libc++";
				CLANG_ENABLE_MODULES = YES;
				CLANG_ENABLE_OBJC_ARC = YES;
				CLANG_ENABLE_OBJC_WEAK = YES;
				CLANG_WARN_BLOCK_CAPTURE_AUTORELEASING = YES;
				CLANG_WARN_BOOL_CONVERSION = YES;
				CLANG_WARN_COMMA = YES;
				CLANG_WARN_CONSTANT_CONVERSION = YES;
				CLANG_WARN_DEPRECATED_OBJC_IMPLEMENTATIONS = YES;
				CLANG_WARN_DIRECT_OBJC_ISA_USAGE = YES_ERROR;
				CLANG_WARN_DOCUMENTATION_COMMENTS = YES;
				CLANG_WARN_EMPTY_BODY = YES;
				CLANG_WARN_ENUM_CONVERSION = YES;
				CLANG_WARN_INFINITE_RECURSION = YES;
				CLANG_WARN_INT_CONVERSION = YES;
				CLANG_WARN_NON_LITERAL_NULL_CONVERSION = YES;
				CLANG_WARN_OBJC_IMPLICIT_RETAIN_SELF = YES;
				CLANG_WARN_OBJC_LITERAL_CONVERSION = YES;
				CLANG_WARN_OBJC_ROOT_CLASS = YES_ERROR;
				CLANG_WARN_QUOTED_INCLUDE_IN_FRAMEWORK_HEADER = YES;
				CLANG_WARN_RANGE_LOOP_ANALYSIS = YES;
				CLANG_WARN_STRICT_PROTOTYPES = YES;
				CLANG_WARN_SUSPICIOUS_MOVE = YES;
				CLANG_WARN_UNGUARDED_AVAILABILITY = YES_AGGRESSIVE;
				CLANG_WARN_UNREACHABLE_CODE = YES;
				CLANG_WARN__DUPLICATE_METHOD_MATCH = YES;
				COPY_PHASE_STRIP = NO;
				DEBUG_INFORMATION_FORMAT = "dwarf-with-dsym";
				ENABLE_NS_ASSERTIONS = NO;
				ENABLE_STRICT_OBJC_MSGSEND = YES;
				GCC_C_LANGUAGE_STANDARD = gnu11;
				GCC_NO_COMMON_BLOCKS = YES;
				GCC_WARN_64_TO_32_BIT_CONVERSION = YES;
				GCC_WARN_ABOUT_RETURN_TYPE = YES_ERROR;
				GCC_WARN_UNDECLARED_SELECTOR = YES;
				GCC_WARN_UNINITIALIZED_AUTOS = YES_AGGRESSIVE;
				GCC_WARN_UNUSED_FUNCTION = YES;
				GCC_WARN_UNUSED_VARIABLE = YES;
				IPHONEOS_DEPLOYMENT_TARGET = 14.5;
				MTL_ENABLE_DEBUG_INFO = NO;
				MTL_FAST_MATH = YES;
				SDKROOT = iphoneos;
				SWIFT_COMPILATION_MODE = wholemodule;
				SWIFT_OPTIMIZATION_LEVEL = "-O";
				VALIDATE_PRODUCT = YES;
			};
			name = Release;
		};
		AEBF167226D553F8003FF645 /* Debug */ = {
			isa = XCBuildConfiguration;
			buildSettings = {
				ASSETCATALOG_COMPILER_APPICON_NAME = AppIcon;
				ASSETCATALOG_COMPILER_GLOBAL_ACCENT_COLOR_NAME = AccentColor;
				CODE_SIGN_STYLE = Automatic;
				DEVELOPMENT_ASSET_PATHS = "\"TCANavigationPushPop/Preview Content\"";
				DEVELOPMENT_TEAM = 4NCWA5D7GZ;
				ENABLE_PREVIEWS = YES;
				INFOPLIST_FILE = TCANavigationPushPop/Info.plist;
				IPHONEOS_DEPLOYMENT_TARGET = 14.0;
				LD_RUNPATH_SEARCH_PATHS = (
					"$(inherited)",
					"@executable_path/Frameworks",
				);
				PRODUCT_BUNDLE_IDENTIFIER = com.prasath.TCANavigationPushPop;
				PRODUCT_NAME = "$(TARGET_NAME)";
				SWIFT_VERSION = 5.0;
				TARGETED_DEVICE_FAMILY = "1,2";
			};
			name = Debug;
		};
		AEBF167326D553F8003FF645 /* Release */ = {
			isa = XCBuildConfiguration;
			buildSettings = {
				ASSETCATALOG_COMPILER_APPICON_NAME = AppIcon;
				ASSETCATALOG_COMPILER_GLOBAL_ACCENT_COLOR_NAME = AccentColor;
				CODE_SIGN_STYLE = Automatic;
				DEVELOPMENT_ASSET_PATHS = "\"TCANavigationPushPop/Preview Content\"";
				DEVELOPMENT_TEAM = 4NCWA5D7GZ;
				ENABLE_PREVIEWS = YES;
				INFOPLIST_FILE = TCANavigationPushPop/Info.plist;
				IPHONEOS_DEPLOYMENT_TARGET = 14.0;
				LD_RUNPATH_SEARCH_PATHS = (
					"$(inherited)",
					"@executable_path/Frameworks",
				);
				PRODUCT_BUNDLE_IDENTIFIER = com.prasath.TCANavigationPushPop;
				PRODUCT_NAME = "$(TARGET_NAME)";
				SWIFT_VERSION = 5.0;
				TARGETED_DEVICE_FAMILY = "1,2";
			};
			name = Release;
		};
/* End XCBuildConfiguration section */

/* Begin XCConfigurationList section */
		AEBF165D26D553F5003FF645 /* Build configuration list for PBXProject "TCANavigationPushPop" */ = {
			isa = XCConfigurationList;
			buildConfigurations = (
				AEBF166F26D553F8003FF645 /* Debug */,
				AEBF167026D553F8003FF645 /* Release */,
			);
			defaultConfigurationIsVisible = 0;
			defaultConfigurationName = Release;
		};
		AEBF167126D553F8003FF645 /* Build configuration list for PBXNativeTarget "TCANavigationPushPop" */ = {
			isa = XCConfigurationList;
			buildConfigurations = (
				AEBF167226D553F8003FF645 /* Debug */,
				AEBF167326D553F8003FF645 /* Release */,
			);
			defaultConfigurationIsVisible = 0;
			defaultConfigurationName = Release;
		};
/* End XCConfigurationList section */

/* Begin XCRemoteSwiftPackageReference section */
		AEBF167626D554D2003FF645 /* XCRemoteSwiftPackageReference "swift-composable-architecture" */ = {
			isa = XCRemoteSwiftPackageReference;
			repositoryURL = "https://github.com/pointfreeco/swift-composable-architecture";
			requirement = {
				kind = upToNextMajorVersion;
				minimumVersion = 0.25.0;
			};
		};
/* End XCRemoteSwiftPackageReference section */

/* Begin XCSwiftPackageProductDependency section */
		AEBF167726D554D2003FF645 /* ComposableArchitecture */ = {
			isa = XCSwiftPackageProductDependency;
			package = AEBF167626D554D2003FF645 /* XCRemoteSwiftPackageReference "swift-composable-architecture" */;
			productName = ComposableArchitecture;
		};
/* End XCSwiftPackageProductDependency section */
	};
	rootObject = AEBF165A26D553F5003FF645 /* Project object */;
}
